PODS:
  - AFNetworking (1.3.1)
  - HexColors (2.2.1)
  - Kiwi/ARC (2.2.2)
  - Kiwi/NonARC (2.2.2)
  - Kiwi/XCTest (2.2.2):
    - Kiwi/ARC
    - Kiwi/NonARC
  - MBProgressHUD (0.7)
  - MJPopupViewController (1.1.1)
  - NSData+Base64 (1.0.0)
  - NSDate+TimeAgo (1.0.2)
  - OAuthCore (0.0.1):
    - NSData+Base64
  - REMenu (1.6)
  - RestKit (0.20.3):
    - RestKit/Core
  - RestKit/Core (0.20.3):
    - RestKit/CoreData
    - RestKit/Network
    - RestKit/ObjectMapping
  - RestKit/CoreData (0.20.3)
  - RestKit/Network (0.20.3):
    - AFNetworking (~> 1.3.0)
    - RestKit/ObjectMapping
    - RestKit/Support
    - SOCKit
  - RestKit/ObjectMapping (0.20.3)
  - RestKit/Support (0.20.3):
    - TransitionKit (= 1.1.1)
  - RestKit/Testing (0.20.3)
  - RFKeychain (0.1)
  - SocialAuth (1.0.4):
    - OAuthCore
  - SOCKit (1.1)
  - SVPullToRefresh (0.4.1)
  - TestFlightSDK (2.1.1-beta)
  - TransitionKit (1.1.1)
  - TSMessages (0.9.4):
    - HexColors
  - TTTAttributedLabel (1.7.1)
  - UIImage-Categories (0.0.1)

DEPENDENCIES:
  - AFNetworking (~> 1.3.1)
  - Kiwi/XCTest
  - MBProgressHUD
  - MJPopupViewController (from `git@github.com:doPanic/MJPopupViewController.git`)
  - NSDate+TimeAgo (~> 1.0.2)
  - REMenu (~> 1.6)
  - RestKit (~> 0.20.3)
  - RestKit/Testing (~> 0.20.0)
  - RFKeychain (~> 0.1)
  - SocialAuth (from `git@github.com:michaelhayman/SocialAuth.git`)
  - SVPullToRefresh (~> 0.4.1)
  - TestFlightSDK
  - TSMessages (~> 0.9.4)
  - TTTAttributedLabel (~> 1.7.1)
  - UIImage-Categories (~> 0.0.1)

EXTERNAL SOURCES:
  MJPopupViewController:
    :git: git@github.com:doPanic/MJPopupViewController.git
  SocialAuth:
    :git: git@github.com:michaelhayman/SocialAuth.git

SPEC CHECKSUMS:
  AFNetworking: 9ec8aafb9269236a7630bd8d9838ce2ba30fa2a0
  HexColors: 3a68db077cd6572a8f7d4aa1add284dd2436a934
  Kiwi: 03539aeb004ccd42bdbc31253617b26364315df4
  MBProgressHUD: 1fd8591a2216d5dec6de24e09187bb03bcbe9946
  MJPopupViewController: 89f932b2a44b8348355300c99e8d3d6d5e3ee59a
  NSData+Base64: 4819562faee4544e3cf5703f2139820b09732b28
  NSDate+TimeAgo: fe93d3042e83093ae3630bc47ae7d57f782733f6
  OAuthCore: 4164eec5e28c68f794953446e68f91054ffe570c
  REMenu: 65aee777063bc70210d8257d4a935a4fb98cad52
  RestKit: 1f181c180105a92f11ec4f6cd7de37625e516d83
  RFKeychain: 6f70ff418c01b5d76b84796941f3d63672c9e316
  SocialAuth: 53f5e770e4d01084f809ff231533196826f767d6
  SOCKit: 2f3bc4d07910de12dcc202815e07db68a3802581
  SVPullToRefresh: 61a0e4bd12bd6f8e3465909810b0fbeb1a28d5f2
  TestFlightSDK: dea28c16f0bf65c49c4ed8939b2ae0b0ed9bf8b0
  TransitionKit: d0e3344aac92991395d4c2e72d9c5a8ceeb12910
  TSMessages: 5ab92604b02e49a755d2cc2baf114d2248a90977
  TTTAttributedLabel: e504133915a9b11de63cb470ffa2790383a3eb23
  UIImage-Categories: d9f10e0afb9b281b35a3c2b0c7d16d1ca251d824

COCOAPODS: 0.27.1
